<Solution>
  <Project Path="Mismo.Gameplay.Enemies.csproj" />
  <Project Path="MoreMountains.Tools.csproj" />
  <Project Path="Lofelt.NiceVibrations.Editor.csproj" />
  <Project Path="Lofelt.NiceVibrations.csproj" />
  <Project Path="Mismo.Gameplay.Player.csproj" />
  <Project Path="Mismo.Gameplay.Player.Editor.csproj" />
  <Project Path="MoreMountains.Tools.Editor.csproj" />
  <Project Path="Assembly-CSharp-Editor.csproj" />
  <Project Path="Mismo.Audio.csproj" />
  <Project Path="Mismo.Menu.csproj" />
  <Project Path="Mismo.Core.csproj" />
  <Project Path="Assembly-CSharp.csproj" />
  <Project Path="Mismo.Menu.Editor.csproj" />
  <Project Path="Mismo.Audio.Editor.csproj" />
</Solution>
